
Microsoft Visual Studio Solution File, Format Version 11.00
# Visual Studio 2010
Project("{FAE04EC0-301F-11D3-BF4B-00C04F79EFBC}") = "Findall2", "Findall2\Findall2.csproj", "{54E9DF90-9DC1-403D-A566-EBB2578096C3}"
EndProject
Project("{FAE04EC0-301F-11D3-BF4B-00C04F79EFBC}") = "Findall2Tests", "Findall2Tests\Findall2Tests.csproj", "{CFBFC722-ADF0-4796-9D82-2D08F12AA071}"
EndProject
Global
	GlobalSection(SolutionConfigurationPlatforms) = preSolution
		Debug|Any CPU = Debug|Any CPU
		Release|Any CPU = Release|Any CPU
	EndGlobalSection
	GlobalSection(ProjectConfigurationPlatforms) = postSolution
		{54E9DF90-9DC1-403D-A566-EBB2578096C3}.Debug|Any CPU.ActiveCfg = Debug|Any CPU
		{54E9DF90-9DC1-403D-A566-EBB2578096C3}.Debug|Any CPU.Build.0 = Debug|Any CPU
		{54E9DF90-9DC1-403D-A566-EBB2578096C3}.Release|Any CPU.ActiveCfg = Release|Any CPU
		{54E9DF90-9DC1-403D-A566-EBB2578096C3}.Release|Any CPU.Build.0 = Release|Any CPU
		{CFBFC722-ADF0-4796-9D82-2D08F12AA071}.Debug|Any CPU.ActiveCfg = Debug|Any CPU
		{CFBFC722-ADF0-4796-9D82-2D08F12AA071}.Debug|Any CPU.Build.0 = Debug|Any CPU
		{CFBFC722-ADF0-4796-9D82-2D08F12AA071}.Release|Any CPU.ActiveCfg = Release|Any CPU
		{CFBFC722-ADF0-4796-9D82-2D08F12AA071}.Release|Any CPU.Build.0 = Release|Any CPU
	EndGlobalSection
	GlobalSection(SolutionProperties) = preSolution
		HideSolutionNode = FALSE
	EndGlobalSection
EndGlobal
